
Microsoft Visual Studio Solution File, Format Version 12.00
# Visual Studio Version 17
VisualStudioVersion = 17.10.35027.167
MinimumVisualStudioVersion = 10.0.40219.1
Project("{FAE04EC0-301F-11D3-BF4B-00C04F79EFBC}") = "GenericProblem", "GenericProblem.csproj", "{C8DB8C0D-F9F4-496D-AE42-B96B0D28B71F}"
EndProject
Global
	GlobalSection(SolutionConfigurationPlatforms) = preSolution
		Debug|Any CPU = Debug|Any CPU
		Release|Any CPU = Release|Any CPU
	EndGlobalSection
	GlobalSection(ProjectConfigurationPlatforms) = postSolution
		{C8DB8C0D-F9F4-496D-AE42-B96B0D28B71F}.Debug|Any CPU.ActiveCfg = Debug|Any CPU
		{C8DB8C0D-F9F4-496D-AE42-B96B0D28B71F}.Debug|Any CPU.Build.0 = Debug|Any CPU
		{C8DB8C0D-F9F4-496D-AE42-B96B0D28B71F}.Release|Any CPU.ActiveCfg = Release|Any CPU
		{C8DB8C0D-F9F4-496D-AE42-B96B0D28B71F}.Release|Any CPU.Build.0 = Release|Any CPU
	EndGlobalSection
	GlobalSection(SolutionProperties) = preSolution
		HideSolutionNode = FALSE
	EndGlobalSection
	GlobalSection(ExtensibilityGlobals) = postSolution
		SolutionGuid = {296E254A-74AD-4C22-9B94-FB105B40FD36}
	EndGlobalSection
EndGlobal
