
Microsoft Visual Studio Solution File, Format Version 12.00
# Visual Studio Version 17
VisualStudioVersion = 17.10.35122.118
MinimumVisualStudioVersion = 10.0.40219.1
Project("{FAE04EC0-301F-11D3-BF4B-00C04F79EFBC}") = "Dictionary_", "Dictionary_.csproj", "{DEE81332-9C68-4D17-8E0A-5B12DB31BA96}"
EndProject
Global
	GlobalSection(SolutionConfigurationPlatforms) = preSolution
		Debug|Any CPU = Debug|Any CPU
		Release|Any CPU = Release|Any CPU
	EndGlobalSection
	GlobalSection(ProjectConfigurationPlatforms) = postSolution
		{DEE81332-9C68-4D17-8E0A-5B12DB31BA96}.Debug|Any CPU.ActiveCfg = Debug|Any CPU
		{DEE81332-9C68-4D17-8E0A-5B12DB31BA96}.Debug|Any CPU.Build.0 = Debug|Any CPU
		{DEE81332-9C68-4D17-8E0A-5B12DB31BA96}.Release|Any CPU.ActiveCfg = Release|Any CPU
		{DEE81332-9C68-4D17-8E0A-5B12DB31BA96}.Release|Any CPU.Build.0 = Release|Any CPU
	EndGlobalSection
	GlobalSection(SolutionProperties) = preSolution
		HideSolutionNode = FALSE
	EndGlobalSection
	GlobalSection(ExtensibilityGlobals) = postSolution
		SolutionGuid = {53BD5773-C00F-4266-8C92-8667342552DA}
	EndGlobalSection
EndGlobal
