
Microsoft Visual Studio Solution File, Format Version 12.00
# Visual Studio Version 17
VisualStudioVersion = 17.10.35122.118
MinimumVisualStudioVersion = 10.0.40219.1
Project("{FAE04EC0-301F-11D3-BF4B-00C04F79EFBC}") = "algorithm_Problem", "algorithm_Problem.csproj", "{39ECC9CC-511C-4A7E-B38B-CA3499BA904B}"
EndProject
Global
	GlobalSection(SolutionConfigurationPlatforms) = preSolution
		Debug|Any CPU = Debug|Any CPU
		Release|Any CPU = Release|Any CPU
	EndGlobalSection
	GlobalSection(ProjectConfigurationPlatforms) = postSolution
		{39ECC9CC-511C-4A7E-B38B-CA3499BA904B}.Debug|Any CPU.ActiveCfg = Debug|Any CPU
		{39ECC9CC-511C-4A7E-B38B-CA3499BA904B}.Debug|Any CPU.Build.0 = Debug|Any CPU
		{39ECC9CC-511C-4A7E-B38B-CA3499BA904B}.Release|Any CPU.ActiveCfg = Release|Any CPU
		{39ECC9CC-511C-4A7E-B38B-CA3499BA904B}.Release|Any CPU.Build.0 = Release|Any CPU
	EndGlobalSection
	GlobalSection(SolutionProperties) = preSolution
		HideSolutionNode = FALSE
	EndGlobalSection
	GlobalSection(ExtensibilityGlobals) = postSolution
		SolutionGuid = {265F0734-55F0-4AC7-96CC-D0B7158C3146}
	EndGlobalSection
EndGlobal
