
Microsoft Visual Studio Solution File, Format Version 12.00
# Visual Studio Version 17
VisualStudioVersion = 17.10.35027.167
MinimumVisualStudioVersion = 10.0.40219.1
Project("{FAE04EC0-301F-11D3-BF4B-00C04F79EFBC}") = "OOP", "OOP.csproj", "{CF2F3C19-41FF-4EE6-9E05-157B81294907}"
EndProject
Global
	GlobalSection(SolutionConfigurationPlatforms) = preSolution
		Debug|Any CPU = Debug|Any CPU
		Release|Any CPU = Release|Any CPU
	EndGlobalSection
	GlobalSection(ProjectConfigurationPlatforms) = postSolution
		{CF2F3C19-41FF-4EE6-9E05-157B81294907}.Debug|Any CPU.ActiveCfg = Debug|Any CPU
		{CF2F3C19-41FF-4EE6-9E05-157B81294907}.Debug|Any CPU.Build.0 = Debug|Any CPU
		{CF2F3C19-41FF-4EE6-9E05-157B81294907}.Release|Any CPU.ActiveCfg = Release|Any CPU
		{CF2F3C19-41FF-4EE6-9E05-157B81294907}.Release|Any CPU.Build.0 = Release|Any CPU
	EndGlobalSection
	GlobalSection(SolutionProperties) = preSolution
		HideSolutionNode = FALSE
	EndGlobalSection
	GlobalSection(ExtensibilityGlobals) = postSolution
		SolutionGuid = {0FB7F06E-778E-424B-BB9B-B5D4C595A8C2}
	EndGlobalSection
EndGlobal
