
Microsoft Visual Studio Solution File, Format Version 12.00
# Visual Studio Version 17
VisualStudioVersion = 17.10.35027.167
MinimumVisualStudioVersion = 10.0.40219.1
Project("{FAE04EC0-301F-11D3-BF4B-00C04F79EFBC}") = "inheritance", "inheritance.csproj", "{FDC03464-4CE5-44BA-BC5B-8EE99FD21F0A}"
EndProject
Global
	GlobalSection(SolutionConfigurationPlatforms) = preSolution
		Debug|Any CPU = Debug|Any CPU
		Release|Any CPU = Release|Any CPU
	EndGlobalSection
	GlobalSection(ProjectConfigurationPlatforms) = postSolution
		{FDC03464-4CE5-44BA-BC5B-8EE99FD21F0A}.Debug|Any CPU.ActiveCfg = Debug|Any CPU
		{FDC03464-4CE5-44BA-BC5B-8EE99FD21F0A}.Debug|Any CPU.Build.0 = Debug|Any CPU
		{FDC03464-4CE5-44BA-BC5B-8EE99FD21F0A}.Release|Any CPU.ActiveCfg = Release|Any CPU
		{FDC03464-4CE5-44BA-BC5B-8EE99FD21F0A}.Release|Any CPU.Build.0 = Release|Any CPU
	EndGlobalSection
	GlobalSection(SolutionProperties) = preSolution
		HideSolutionNode = FALSE
	EndGlobalSection
	GlobalSection(ExtensibilityGlobals) = postSolution
		SolutionGuid = {DC630064-3CBC-4CFD-9B3F-22132F144782}
	EndGlobalSection
EndGlobal
